PODS:
  - Flutter (1.0.0)
  - Stripe (19.4.0)
  - stripe_payment (1.0.0):
    - Flutter
    - Stripe (~> 19.4.0)

DEPENDENCIES:
  - Flutter (from `Flutter`)
  - stripe_payment (from `.symlinks/plugins/stripe_payment/ios`)

SPEC REPOS:
  trunk:
    - Stripe

EXTERNAL SOURCES:
  Flutter:
    :path: Flutter
  stripe_payment:
    :path: ".symlinks/plugins/stripe_payment/ios"

SPEC CHECKSUMS:
  Flutter: 434fef37c0980e73bb6479ef766c45957d4b510c
  Stripe: 92f1c73a9dbd3c54277ed06a1fea6e08f20414c6
  stripe_payment: 1cbe9c339c21b5ecf01035e80eea351067c67c56

PODFILE CHECKSUM: 4e8f8b2be68aeea4c0d5beb6ff1e79fface1d048

COCOAPODS: 1.10.1
